
Microsoft Visual Studio Solution File, Format Version 12.00
# Visual Studio Version 17
VisualStudioVersion = 17.10.34928.147
MinimumVisualStudioVersion = 10.0.40219.1
Project("{9A19103F-16F7-4668-BE54-9A1E7A4F7556}") = "RemoteNetwork.ClientHosted", "RemoteNetwork.ClientHosted\RemoteNetwork.ClientHosted.csproj", "{D02111CE-B3F4-4E49-A870-EFF837732F2C}"
EndProject
Project("{9A19103F-16F7-4668-BE54-9A1E7A4F7556}") = "RemoteNetwork", "RemoteNetwork\RemoteNetwork.csproj", "{E9403999-269D-40EB-82AC-73D18501463B}"
EndProject
Project("{FAE04EC0-301F-11D3-BF4B-00C04F79EFBC}") = "RemoteNetwork.ListenerHosted", "RemoteNetwork.ListenerHosted\RemoteNetwork.ListenerHosted.csproj", "{2806E3D0-F5DE-42EF-94F8-717CA8818BA0}"
EndProject
Global
	GlobalSection(SolutionConfigurationPlatforms) = preSolution
		Debug|Any CPU = Debug|Any CPU
		Release|Any CPU = Release|Any CPU
	EndGlobalSection
	GlobalSection(ProjectConfigurationPlatforms) = postSolution
		{D02111CE-B3F4-4E49-A870-EFF837732F2C}.Debug|Any CPU.ActiveCfg = Debug|Any CPU
		{D02111CE-B3F4-4E49-A870-EFF837732F2C}.Debug|Any CPU.Build.0 = Debug|Any CPU
		{D02111CE-B3F4-4E49-A870-EFF837732F2C}.Release|Any CPU.ActiveCfg = Release|Any CPU
		{D02111CE-B3F4-4E49-A870-EFF837732F2C}.Release|Any CPU.Build.0 = Release|Any CPU
		{E9403999-269D-40EB-82AC-73D18501463B}.Debug|Any CPU.ActiveCfg = Debug|Any CPU
		{E9403999-269D-40EB-82AC-73D18501463B}.Debug|Any CPU.Build.0 = Debug|Any CPU
		{E9403999-269D-40EB-82AC-73D18501463B}.Release|Any CPU.ActiveCfg = Release|Any CPU
		{E9403999-269D-40EB-82AC-73D18501463B}.Release|Any CPU.Build.0 = Release|Any CPU
		{2806E3D0-F5DE-42EF-94F8-717CA8818BA0}.Debug|Any CPU.ActiveCfg = Debug|Any CPU
		{2806E3D0-F5DE-42EF-94F8-717CA8818BA0}.Debug|Any CPU.Build.0 = Debug|Any CPU
		{2806E3D0-F5DE-42EF-94F8-717CA8818BA0}.Release|Any CPU.ActiveCfg = Release|Any CPU
		{2806E3D0-F5DE-42EF-94F8-717CA8818BA0}.Release|Any CPU.Build.0 = Release|Any CPU
	EndGlobalSection
	GlobalSection(SolutionProperties) = preSolution
		HideSolutionNode = FALSE
	EndGlobalSection
	GlobalSection(ExtensibilityGlobals) = postSolution
		SolutionGuid = {50AC20CD-CAF6-4964-99A3-AF8984140A56}
	EndGlobalSection
EndGlobal
